
Microsoft Visual Studio Solution File, Format Version 12.00
# Visual Studio Version 16
VisualStudioVersion = 16.0.30204.135
MinimumVisualStudioVersion = 10.0.40219.1
Project("{9A19103F-16F7-4668-BE54-9A1E7A4F7556}") = "SchwarzLab.Clients", "SchwarzLabBoto\SchwarzLab.Clients.csproj", "{958D6290-B98E-452C-B246-00348F2350B8}"
EndProject
Project("{FAE04EC0-301F-11D3-BF4B-00C04F79EFBC}") = "SchwarzLaboBoto.BotService", "SchwarzLaboBoto.BotService\SchwarzLaboBoto.BotService.csproj", "{895238E3-1B9B-4055-9E9D-760F9CE69A12}"
EndProject
Global
	GlobalSection(SolutionConfigurationPlatforms) = preSolution
		Debug|Any CPU = Debug|Any CPU
		Release|Any CPU = Release|Any CPU
	EndGlobalSection
	GlobalSection(ProjectConfigurationPlatforms) = postSolution
		{958D6290-B98E-452C-B246-00348F2350B8}.Debug|Any CPU.ActiveCfg = Debug|Any CPU
		{958D6290-B98E-452C-B246-00348F2350B8}.Debug|Any CPU.Build.0 = Debug|Any CPU
		{958D6290-B98E-452C-B246-00348F2350B8}.Release|Any CPU.ActiveCfg = Release|Any CPU
		{958D6290-B98E-452C-B246-00348F2350B8}.Release|Any CPU.Build.0 = Release|Any CPU
		{895238E3-1B9B-4055-9E9D-760F9CE69A12}.Debug|Any CPU.ActiveCfg = Debug|Any CPU
		{895238E3-1B9B-4055-9E9D-760F9CE69A12}.Debug|Any CPU.Build.0 = Debug|Any CPU
		{895238E3-1B9B-4055-9E9D-760F9CE69A12}.Release|Any CPU.ActiveCfg = Release|Any CPU
		{895238E3-1B9B-4055-9E9D-760F9CE69A12}.Release|Any CPU.Build.0 = Release|Any CPU
	EndGlobalSection
	GlobalSection(SolutionProperties) = preSolution
		HideSolutionNode = FALSE
	EndGlobalSection
	GlobalSection(ExtensibilityGlobals) = postSolution
		SolutionGuid = {5E89CEB4-4061-408C-AFEF-BCFAB595D694}
	EndGlobalSection
EndGlobal
